// !$*UTF8*$!
{
	archiveVersion = 1;
	classes = {
	};
	objectVersion = 46;
	objects = {

/* Begin PBXBuildFile section */
		264E9CEE1BF43C5F00F9916E /* TrelloData.swift in Sources */ = {isa = PBXBuildFile; fileRef = 264E9CED1BF43C5F00F9916E /* TrelloData.swift */; };
		265A99091BF4886D00321728 /* TrelloAnimate.swift in Sources */ = {isa = PBXBuildFile; fileRef = 265A98FA1BF4886C00321728 /* TrelloAnimate.swift */; };
		265A990A1BF4886D00321728 /* TrelloConstants.swift in Sources */ = {isa = PBXBuildFile; fileRef = 265A98FB1BF4886D00321728 /* TrelloConstants.swift */; };
		265A990B1BF4886D00321728 /* TrelloFunction.swift in Sources */ = {isa = PBXBuildFile; fileRef = 265A98FC1BF4886D00321728 /* TrelloFunction.swift */; };
		265A990C1BF4886D00321728 /* TrelloListCellItem.swift in Sources */ = {isa = PBXBuildFile; fileRef = 265A98FD1BF4886D00321728 /* TrelloListCellItem.swift */; };
		265A990D1BF4886D00321728 /* TrelloListCellViewModel.swift in Sources */ = {isa = PBXBuildFile; fileRef = 265A98FE1BF4886D00321728 /* TrelloListCellViewModel.swift */; };
		265A990E1BF4886D00321728 /* TrelloListSectionView.swift in Sources */ = {isa = PBXBuildFile; fileRef = 265A98FF1BF4886D00321728 /* TrelloListSectionView.swift */; };
		265A990F1BF4886D00321728 /* TrelloListTabItem.swift in Sources */ = {isa = PBXBuildFile; fileRef = 265A99001BF4886D00321728 /* TrelloListTabItem.swift */; };
		265A99101BF4886D00321728 /* TrelloListTabItemView.swift in Sources */ = {isa = PBXBuildFile; fileRef = 265A99011BF4886D00321728 /* TrelloListTabItemView.swift */; };
		265A99111BF4886D00321728 /* TrelloListTableView.swift in Sources */ = {isa = PBXBuildFile; fileRef = 265A99021BF4886D00321728 /* TrelloListTableView.swift */; };
		265A99121BF4886D00321728 /* TrelloListTableViewCell.swift in Sources */ = {isa = PBXBuildFile; fileRef = 265A99031BF4886D00321728 /* TrelloListTableViewCell.swift */; };
		265A99131BF4886D00321728 /* TrelloListTabView.swift in Sources */ = {isa = PBXBuildFile; fileRef = 265A99041BF4886D00321728 /* TrelloListTabView.swift */; };
		265A99141BF4886D00321728 /* TrelloListTabViewModel.swift in Sources */ = {isa = PBXBuildFile; fileRef = 265A99051BF4886D00321728 /* TrelloListTabViewModel.swift */; };
		265A99151BF4886D00321728 /* TrelloListView.swift in Sources */ = {isa = PBXBuildFile; fileRef = 265A99061BF4886D00321728 /* TrelloListView.swift */; };
		265A99161BF4886D00321728 /* TrelloView.swift in Sources */ = {isa = PBXBuildFile; fileRef = 265A99071BF4886D00321728 /* TrelloView.swift */; };
		265A99171BF4886D00321728 /* UIViewExtension.swift in Sources */ = {isa = PBXBuildFile; fileRef = 265A99081BF4886D00321728 /* UIViewExtension.swift */; };
		266AD9661BEFA06B002E4B9D /* AppDelegate.swift in Sources */ = {isa = PBXBuildFile; fileRef = 266AD9651BEFA06B002E4B9D /* AppDelegate.swift */; };
		266AD9681BEFA06C002E4B9D /* TrelloViewController.swift in Sources */ = {isa = PBXBuildFile; fileRef = 266AD9671BEFA06B002E4B9D /* TrelloViewController.swift */; };
		266AD96B1BEFA06C002E4B9D /* Main.storyboard in Resources */ = {isa = PBXBuildFile; fileRef = 266AD9691BEFA06C002E4B9D /* Main.storyboard */; };
		266AD96D1BEFA06C002E4B9D /* Assets.xcassets in Resources */ = {isa = PBXBuildFile; fileRef = 266AD96C1BEFA06C002E4B9D /* Assets.xcassets */; };
		266AD9701BEFA06C002E4B9D /* LaunchScreen.storyboard in Resources */ = {isa = PBXBuildFile; fileRef = 266AD96E1BEFA06C002E4B9D /* LaunchScreen.storyboard */; };
		A6651FB124374B4900DCBF85 /* Typealias.swift in Sources */ = {isa = PBXBuildFile; fileRef = A6651FB024374B4800DCBF85 /* Typealias.swift */; };
/* End PBXBuildFile section */

/* Begin PBXFileReference section */
		264E9CED1BF43C5F00F9916E /* TrelloData.swift */ = {isa = PBXFileReference; fileEncoding = 4; lastKnownFileType = sourcecode.swift; path = TrelloData.swift; sourceTree = "<group>"; };
		265A98FA1BF4886C00321728 /* TrelloAnimate.swift */ = {isa = PBXFileReference; fileEncoding = 4; lastKnownFileType = sourcecode.swift; path = TrelloAnimate.swift; sourceTree = "<group>"; };
		265A98FB1BF4886D00321728 /* TrelloConstants.swift */ = {isa = PBXFileReference; fileEncoding = 4; lastKnownFileType = sourcecode.swift; path = TrelloConstants.swift; sourceTree = "<group>"; };
		265A98FC1BF4886D00321728 /* TrelloFunction.swift */ = {isa = PBXFileReference; fileEncoding = 4; lastKnownFileType = sourcecode.swift; path = TrelloFunction.swift; sourceTree = "<group>"; };
		265A98FD1BF4886D00321728 /* TrelloListCellItem.swift */ = {isa = PBXFileReference; fileEncoding = 4; lastKnownFileType = sourcecode.swift; path = TrelloListCellItem.swift; sourceTree = "<group>"; };
		265A98FE1BF4886D00321728 /* TrelloListCellViewModel.swift */ = {isa = PBXFileReference; fileEncoding = 4; lastKnownFileType = sourcecode.swift; path = TrelloListCellViewModel.swift; sourceTree = "<group>"; };
		265A98FF1BF4886D00321728 /* TrelloListSectionView.swift */ = {isa = PBXFileReference; fileEncoding = 4; lastKnownFileType = sourcecode.swift; path = TrelloListSectionView.swift; sourceTree = "<group>"; };
		265A99001BF4886D00321728 /* TrelloListTabItem.swift */ = {isa = PBXFileReference; fileEncoding = 4; lastKnownFileType = sourcecode.swift; path = TrelloListTabItem.swift; sourceTree = "<group>"; };
		265A99011BF4886D00321728 /* TrelloListTabItemView.swift */ = {isa = PBXFileReference; fileEncoding = 4; lastKnownFileType = sourcecode.swift; path = TrelloListTabItemView.swift; sourceTree = "<group>"; };
		265A99021BF4886D00321728 /* TrelloListTableView.swift */ = {isa = PBXFileReference; fileEncoding = 4; lastKnownFileType = sourcecode.swift; path = TrelloListTableView.swift; sourceTree = "<group>"; };
		265A99031BF4886D00321728 /* TrelloListTableViewCell.swift */ = {isa = PBXFileReference; fileEncoding = 4; lastKnownFileType = sourcecode.swift; path = TrelloListTableViewCell.swift; sourceTree = "<group>"; };
		265A99041BF4886D00321728 /* TrelloListTabView.swift */ = {isa = PBXFileReference; fileEncoding = 4; lastKnownFileType = sourcecode.swift; path = TrelloListTabView.swift; sourceTree = "<group>"; };
		265A99051BF4886D00321728 /* TrelloListTabViewModel.swift */ = {isa = PBXFileReference; fileEncoding = 4; lastKnownFileType = sourcecode.swift; path = TrelloListTabViewModel.swift; sourceTree = "<group>"; };
		265A99061BF4886D00321728 /* TrelloListView.swift */ = {isa = PBXFileReference; fileEncoding = 4; lastKnownFileType = sourcecode.swift; path = TrelloListView.swift; sourceTree = "<group>"; };
		265A99071BF4886D00321728 /* TrelloView.swift */ = {isa = PBXFileReference; fileEncoding = 4; lastKnownFileType = sourcecode.swift; path = TrelloView.swift; sourceTree = "<group>"; };
		265A99081BF4886D00321728 /* UIViewExtension.swift */ = {isa = PBXFileReference; fileEncoding = 4; lastKnownFileType = sourcecode.swift; path = UIViewExtension.swift; sourceTree = "<group>"; };
		266AD9621BEFA06B002E4B9D /* TrelloNavigation.app */ = {isa = PBXFileReference; explicitFileType = wrapper.application; includeInIndex = 0; path = TrelloNavigation.app; sourceTree = BUILT_PRODUCTS_DIR; };
		266AD9651BEFA06B002E4B9D /* AppDelegate.swift */ = {isa = PBXFileReference; lastKnownFileType = sourcecode.swift; path = AppDelegate.swift; sourceTree = "<group>"; };
		266AD9671BEFA06B002E4B9D /* TrelloViewController.swift */ = {isa = PBXFileReference; lastKnownFileType = sourcecode.swift; path = TrelloViewController.swift; sourceTree = "<group>"; };
		266AD96A1BEFA06C002E4B9D /* Base */ = {isa = PBXFileReference; lastKnownFileType = file.storyboard; name = Base; path = Base.lproj/Main.storyboard; sourceTree = "<group>"; };
		266AD96C1BEFA06C002E4B9D /* Assets.xcassets */ = {isa = PBXFileReference; lastKnownFileType = folder.assetcatalog; path = Assets.xcassets; sourceTree = "<group>"; };
		266AD96F1BEFA06C002E4B9D /* Base */ = {isa = PBXFileReference; lastKnownFileType = file.storyboard; name = Base; path = Base.lproj/LaunchScreen.storyboard; sourceTree = "<group>"; };
		266AD9711BEFA06C002E4B9D /* Info.plist */ = {isa = PBXFileReference; lastKnownFileType = text.plist.xml; path = Info.plist; sourceTree = "<group>"; };
		266AD9AD1BF188EB002E4B9D /* Data.json */ = {isa = PBXFileReference; lastKnownFileType = text.json; path = Data.json; sourceTree = "<group>"; };
		A6651FB024374B4800DCBF85 /* Typealias.swift */ = {isa = PBXFileReference; lastKnownFileType = sourcecode.swift; path = Typealias.swift; sourceTree = "<group>"; };
/* End PBXFileReference section */

/* Begin PBXFrameworksBuildPhase section */
		266AD95F1BEFA06B002E4B9D /* Frameworks */ = {
			isa = PBXFrameworksBuildPhase;
			buildActionMask = 2147483647;
			files = (
			);
			runOnlyForDeploymentPostprocessing = 0;
		};
/* End PBXFrameworksBuildPhase section */

/* Begin PBXGroup section */
		265A98F91BF4886C00321728 /* Source */ = {
			isa = PBXGroup;
			children = (
				265A98FA1BF4886C00321728 /* TrelloAnimate.swift */,
				265A98FB1BF4886D00321728 /* TrelloConstants.swift */,
				265A98FC1BF4886D00321728 /* TrelloFunction.swift */,
				265A98FD1BF4886D00321728 /* TrelloListCellItem.swift */,
				265A98FE1BF4886D00321728 /* TrelloListCellViewModel.swift */,
				265A98FF1BF4886D00321728 /* TrelloListSectionView.swift */,
				265A99001BF4886D00321728 /* TrelloListTabItem.swift */,
				265A99011BF4886D00321728 /* TrelloListTabItemView.swift */,
				265A99021BF4886D00321728 /* TrelloListTableView.swift */,
				265A99031BF4886D00321728 /* TrelloListTableViewCell.swift */,
				265A99041BF4886D00321728 /* TrelloListTabView.swift */,
				265A99051BF4886D00321728 /* TrelloListTabViewModel.swift */,
				265A99061BF4886D00321728 /* TrelloListView.swift */,
				265A99071BF4886D00321728 /* TrelloView.swift */,
				A6651FB024374B4800DCBF85 /* Typealias.swift */,
				265A99081BF4886D00321728 /* UIViewExtension.swift */,
			);
			path = Source;
			sourceTree = SOURCE_ROOT;
		};
		266AD9591BEFA06B002E4B9D = {
			isa = PBXGroup;
			children = (
				266AD9641BEFA06B002E4B9D /* TrelloNavigation */,
				266AD9631BEFA06B002E4B9D /* Products */,
			);
			sourceTree = "<group>";
		};
		266AD9631BEFA06B002E4B9D /* Products */ = {
			isa = PBXGroup;
			children = (
				266AD9621BEFA06B002E4B9D /* TrelloNavigation.app */,
			);
			name = Products;
			sourceTree = "<group>";
		};
		266AD9641BEFA06B002E4B9D /* TrelloNavigation */ = {
			isa = PBXGroup;
			children = (
				265A98F91BF4886C00321728 /* Source */,
				266AD9AC1BF18881002E4B9D /* Datas */,
				266AD9651BEFA06B002E4B9D /* AppDelegate.swift */,
				266AD9671BEFA06B002E4B9D /* TrelloViewController.swift */,
				266AD9691BEFA06C002E4B9D /* Main.storyboard */,
				266AD96C1BEFA06C002E4B9D /* Assets.xcassets */,
				266AD96E1BEFA06C002E4B9D /* LaunchScreen.storyboard */,
				266AD9711BEFA06C002E4B9D /* Info.plist */,
			);
			path = TrelloNavigation;
			sourceTree = "<group>";
		};
		266AD9AC1BF18881002E4B9D /* Datas */ = {
			isa = PBXGroup;
			children = (
				266AD9AD1BF188EB002E4B9D /* Data.json */,
				264E9CED1BF43C5F00F9916E /* TrelloData.swift */,
			);
			name = Datas;
			sourceTree = "<group>";
		};
/* End PBXGroup section */

/* Begin PBXNativeTarget section */
		266AD9611BEFA06B002E4B9D /* TrelloNavigation */ = {
			isa = PBXNativeTarget;
			buildConfigurationList = 266AD97F1BEFA06C002E4B9D /* Build configuration list for PBXNativeTarget "TrelloNavigation" */;
			buildPhases = (
				266AD95E1BEFA06B002E4B9D /* Sources */,
				266AD95F1BEFA06B002E4B9D /* Frameworks */,
				266AD9601BEFA06B002E4B9D /* Resources */,
			);
			buildRules = (
			);
			dependencies = (
			);
			name = TrelloNavigation;
			productName = TrelloNavigation;
			productReference = 266AD9621BEFA06B002E4B9D /* TrelloNavigation.app */;
			productType = "com.apple.product-type.application";
		};
/* End PBXNativeTarget section */

/* Begin PBXProject section */
		266AD95A1BEFA06B002E4B9D /* Project object */ = {
			isa = PBXProject;
			attributes = {
				LastSwiftUpdateCheck = 0710;
				LastUpgradeCheck = 1140;
				ORGANIZATIONNAME = Qing;
				TargetAttributes = {
					266AD9611BEFA06B002E4B9D = {
						CreatedOnToolsVersion = 7.1;
						DevelopmentTeam = HY634B3FW2;
					};
				};
			};
			buildConfigurationList = 266AD95D1BEFA06B002E4B9D /* Build configuration list for PBXProject "TrelloNavigation" */;
			compatibilityVersion = "Xcode 3.2";
			developmentRegion = en;
			hasScannedForEncodings = 0;
			knownRegions = (
				en,
				Base,
			);
			mainGroup = 266AD9591BEFA06B002E4B9D;
			productRefGroup = 266AD9631BEFA06B002E4B9D /* Products */;
			projectDirPath = "";
			projectRoot = "";
			targets = (
				266AD9611BEFA06B002E4B9D /* TrelloNavigation */,
			);
		};
/* End PBXProject section */

/* Begin PBXResourcesBuildPhase section */
		266AD9601BEFA06B002E4B9D /* Resources */ = {
			isa = PBXResourcesBuildPhase;
			buildActionMask = 2147483647;
			files = (
				266AD9701BEFA06C002E4B9D /* LaunchScreen.storyboard in Resources */,
				266AD96D1BEFA06C002E4B9D /* Assets.xcassets in Resources */,
				266AD96B1BEFA06C002E4B9D /* Main.storyboard in Resources */,
			);
			runOnlyForDeploymentPostprocessing = 0;
		};
/* End PBXResourcesBuildPhase section */

/* Begin PBXSourcesBuildPhase section */
		266AD95E1BEFA06B002E4B9D /* Sources */ = {
			isa = PBXSourcesBuildPhase;
			buildActionMask = 2147483647;
			files = (
				265A99171BF4886D00321728 /* UIViewExtension.swift in Sources */,
				265A990A1BF4886D00321728 /* TrelloConstants.swift in Sources */,
				265A99111BF4886D00321728 /* TrelloListTableView.swift in Sources */,
				265A99121BF4886D00321728 /* TrelloListTableViewCell.swift in Sources */,
				265A990E1BF4886D00321728 /* TrelloListSectionView.swift in Sources */,
				265A99131BF4886D00321728 /* TrelloListTabView.swift in Sources */,
				265A99141BF4886D00321728 /* TrelloListTabViewModel.swift in Sources */,
				265A990B1BF4886D00321728 /* TrelloFunction.swift in Sources */,
				265A99161BF4886D00321728 /* TrelloView.swift in Sources */,
				265A990D1BF4886D00321728 /* TrelloListCellViewModel.swift in Sources */,
				265A99151BF4886D00321728 /* TrelloListView.swift in Sources */,
				265A99101BF4886D00321728 /* TrelloListTabItemView.swift in Sources */,
				A6651FB124374B4900DCBF85 /* Typealias.swift in Sources */,
				265A990C1BF4886D00321728 /* TrelloListCellItem.swift in Sources */,
				264E9CEE1BF43C5F00F9916E /* TrelloData.swift in Sources */,
				266AD9681BEFA06C002E4B9D /* TrelloViewController.swift in Sources */,
				266AD9661BEFA06B002E4B9D /* AppDelegate.swift in Sources */,
				265A990F1BF4886D00321728 /* TrelloListTabItem.swift in Sources */,
				265A99091BF4886D00321728 /* TrelloAnimate.swift in Sources */,
			);
			runOnlyForDeploymentPostprocessing = 0;
		};
/* End PBXSourcesBuildPhase section */

/* Begin PBXVariantGroup section */
		266AD9691BEFA06C002E4B9D /* Main.storyboard */ = {
			isa = PBXVariantGroup;
			children = (
				266AD96A1BEFA06C002E4B9D /* Base */,
			);
			name = Main.storyboard;
			sourceTree = "<group>";
		};
		266AD96E1BEFA06C002E4B9D /* LaunchScreen.storyboard */ = {
			isa = PBXVariantGroup;
			children = (
				266AD96F1BEFA06C002E4B9D /* Base */,
			);
			name = LaunchScreen.storyboard;
			sourceTree = "<group>";
		};
/* End PBXVariantGroup section */

/* Begin XCBuildConfiguration section */
		266AD97D1BEFA06C002E4B9D /* Debug */ = {
			isa = XCBuildConfiguration;
			buildSettings = {
				ALWAYS_SEARCH_USER_PATHS = NO;
				CLANG_ANALYZER_LOCALIZABILITY_NONLOCALIZED = YES;
				CLANG_CXX_LANGUAGE_STANDARD = "gnu++0x";
				CLANG_CXX_LIBRARY = "libc++";
				CLANG_ENABLE_MODULES = YES;
				CLANG_ENABLE_OBJC_ARC = YES;
				CLANG_WARN_BLOCK_CAPTURE_AUTORELEASING = YES;
				CLANG_WARN_BOOL_CONVERSION = YES;
				CLANG_WARN_COMMA = YES;
				CLANG_WARN_CONSTANT_CONVERSION = YES;
				CLANG_WARN_DEPRECATED_OBJC_IMPLEMENTATIONS = YES;
				CLANG_WARN_DIRECT_OBJC_ISA_USAGE = YES_ERROR;
				CLANG_WARN_EMPTY_BODY = YES;
				CLANG_WARN_ENUM_CONVERSION = YES;
				CLANG_WARN_INFINITE_RECURSION = YES;
				CLANG_WARN_INT_CONVERSION = YES;
				CLANG_WARN_NON_LITERAL_NULL_CONVERSION = YES;
				CLANG_WARN_OBJC_IMPLICIT_RETAIN_SELF = YES;
				CLANG_WARN_OBJC_LITERAL_CONVERSION = YES;
				CLANG_WARN_OBJC_ROOT_CLASS = YES_ERROR;
				CLANG_WARN_RANGE_LOOP_ANALYSIS = YES;
				CLANG_WARN_STRICT_PROTOTYPES = YES;
				CLANG_WARN_SUSPICIOUS_MOVE = YES;
				CLANG_WARN_UNREACHABLE_CODE = YES;
				CLANG_WARN__DUPLICATE_METHOD_MATCH = YES;
				"CODE_SIGN_IDENTITY[sdk=iphoneos*]" = "iPhone Developer";
				COPY_PHASE_STRIP = NO;
				DEBUG_INFORMATION_FORMAT = dwarf;
				ENABLE_STRICT_OBJC_MSGSEND = YES;
				ENABLE_TESTABILITY = YES;
				GCC_C_LANGUAGE_STANDARD = gnu99;
				GCC_DYNAMIC_NO_PIC = NO;
				GCC_NO_COMMON_BLOCKS = YES;
				GCC_OPTIMIZATION_LEVEL = 0;
				GCC_PREPROCESSOR_DEFINITIONS = (
					"DEBUG=1",
					"$(inherited)",
				);
				GCC_WARN_64_TO_32_BIT_CONVERSION = YES;
				GCC_WARN_ABOUT_RETURN_TYPE = YES_ERROR;
				GCC_WARN_UNDECLARED_SELECTOR = YES;
				GCC_WARN_UNINITIALIZED_AUTOS = YES_AGGRESSIVE;
				GCC_WARN_UNUSED_FUNCTION = YES;
				GCC_WARN_UNUSED_VARIABLE = YES;
				IPHONEOS_DEPLOYMENT_TARGET = 8.0;
				MTL_ENABLE_DEBUG_INFO = YES;
				ONLY_ACTIVE_ARCH = YES;
				SDKROOT = iphoneos;
				SWIFT_OPTIMIZATION_LEVEL = "-Onone";
				SWIFT_VERSION = 5.0;
			};
			name = Debug;
		};
		266AD97E1BEFA06C002E4B9D /* Release */ = {
			isa = XCBuildConfiguration;
			buildSettings = {
				ALWAYS_SEARCH_USER_PATHS = NO;
				CLANG_ANALYZER_LOCALIZABILITY_NONLOCALIZED = YES;
				CLANG_CXX_LANGUAGE_STANDARD = "gnu++0x";
				CLANG_CXX_LIBRARY = "libc++";
				CLANG_ENABLE_MODULES = YES;
				CLANG_ENABLE_OBJC_ARC = YES;
				CLANG_WARN_BLOCK_CAPTURE_AUTORELEASING = YES;
				CLANG_WARN_BOOL_CONVERSION = YES;
				CLANG_WARN_COMMA = YES;
				CLANG_WARN_CONSTANT_CONVERSION = YES;
				CLANG_WARN_DEPRECATED_OBJC_IMPLEMENTATIONS = YES;
				CLANG_WARN_DIRECT_OBJC_ISA_USAGE = YES_ERROR;
				CLANG_WARN_EMPTY_BODY = YES;
				CLANG_WARN_ENUM_CONVERSION = YES;
				CLANG_WARN_INFINITE_RECURSION = YES;
				CLANG_WARN_INT_CONVERSION = YES;
				CLANG_WARN_NON_LITERAL_NULL_CONVERSION = YES;
				CLANG_WARN_OBJC_IMPLICIT_RETAIN_SELF = YES;
				CLANG_WARN_OBJC_LITERAL_CONVERSION = YES;
				CLANG_WARN_OBJC_ROOT_CLASS = YES_ERROR;
				CLANG_WARN_RANGE_LOOP_ANALYSIS = YES;
				CLANG_WARN_STRICT_PROTOTYPES = YES;
				CLANG_WARN_SUSPICIOUS_MOVE = YES;
				CLANG_WARN_UNREACHABLE_CODE = YES;
				CLANG_WARN__DUPLICATE_METHOD_MATCH = YES;
				"CODE_SIGN_IDENTITY[sdk=iphoneos*]" = "iPhone Developer";
				COPY_PHASE_STRIP = NO;
				DEBUG_INFORMATION_FORMAT = "dwarf-with-dsym";
				ENABLE_NS_ASSERTIONS = NO;
				ENABLE_STRICT_OBJC_MSGSEND = YES;
				GCC_C_LANGUAGE_STANDARD = gnu99;
				GCC_NO_COMMON_BLOCKS = YES;
				GCC_WARN_64_TO_32_BIT_CONVERSION = YES;
				GCC_WARN_ABOUT_RETURN_TYPE = YES_ERROR;
				GCC_WARN_UNDECLARED_SELECTOR = YES;
				GCC_WARN_UNINITIALIZED_AUTOS = YES_AGGRESSIVE;
				GCC_WARN_UNUSED_FUNCTION = YES;
				GCC_WARN_UNUSED_VARIABLE = YES;
				IPHONEOS_DEPLOYMENT_TARGET = 8.0;
				MTL_ENABLE_DEBUG_INFO = NO;
				SDKROOT = iphoneos;
				SWIFT_COMPILATION_MODE = wholemodule;
				SWIFT_VERSION = 5.0;
				VALIDATE_PRODUCT = YES;
			};
			name = Release;
		};
		266AD9801BEFA06C002E4B9D /* Debug */ = {
			isa = XCBuildConfiguration;
			buildSettings = {
				ASSETCATALOG_COMPILER_APPICON_NAME = AppIcon;
				INFOPLIST_FILE = TrelloNavigation/Info.plist;
				IPHONEOS_DEPLOYMENT_TARGET = 8.0;
				LD_RUNPATH_SEARCH_PATHS = "$(inherited) @executable_path/Frameworks";
				PRODUCT_BUNDLE_IDENTIFIER = org.dianqk.TrelloNavigation;
				PRODUCT_NAME = "$(TARGET_NAME)";
			};
			name = Debug;
		};
		266AD9811BEFA06C002E4B9D /* Release */ = {
			isa = XCBuildConfiguration;
			buildSettings = {
				ASSETCATALOG_COMPILER_APPICON_NAME = AppIcon;
				INFOPLIST_FILE = TrelloNavigation/Info.plist;
				IPHONEOS_DEPLOYMENT_TARGET = 8.0;
				LD_RUNPATH_SEARCH_PATHS = "$(inherited) @executable_path/Frameworks";
				PRODUCT_BUNDLE_IDENTIFIER = org.dianqk.TrelloNavigation;
				PRODUCT_NAME = "$(TARGET_NAME)";
			};
			name = Release;
		};
/* End XCBuildConfiguration section */

/* Begin XCConfigurationList section */
		266AD95D1BEFA06B002E4B9D /* Build configuration list for PBXProject "TrelloNavigation" */ = {
			isa = XCConfigurationList;
			buildConfigurations = (
				266AD97D1BEFA06C002E4B9D /* Debug */,
				266AD97E1BEFA06C002E4B9D /* Release */,
			);
			defaultConfigurationIsVisible = 0;
			defaultConfigurationName = Release;
		};
		266AD97F1BEFA06C002E4B9D /* Build configuration list for PBXNativeTarget "TrelloNavigation" */ = {
			isa = XCConfigurationList;
			buildConfigurations = (
				266AD9801BEFA06C002E4B9D /* Debug */,
				266AD9811BEFA06C002E4B9D /* Release */,
			);
			defaultConfigurationIsVisible = 0;
			defaultConfigurationName = Release;
		};
/* End XCConfigurationList section */
	};
	rootObject = 266AD95A1BEFA06B002E4B9D /* Project object */;
}
